// !$*UTF8*$!
{
	archiveVersion = 1;
	classes = {
	};
	objectVersion = 77;
	objects = {

/* Begin PBXBuildFile section */
		4AB611A62DE477F700708171 /* Drawer in Frameworks */ = {isa = PBXBuildFile; productRef = 4AB611A52DE477F700708171 /* Drawer */; };
		4BCF01AD980CE0622760DD8D /* NetworkHelper.swift in Sources */ = {isa = PBXBuildFile; fileRef = AE2A5E8EE4B16AFC755C7A03 /* NetworkHelper.swift */; };
		6787BC26947B51E8E3E440EE /* DataLoader.swift in Sources */ = {isa = PBXBuildFile; fileRef = B981AAB8AA607194D3F62ED5 /* DataLoader.swift */; };
		92BD6E69B5CA3A8B78C9FCA4 /* MapViewModel.swift in Sources */ = {isa = PBXBuildFile; fileRef = CDB4518AA19C72EC63D23B1B /* MapViewModel.swift */; };
		9F48F272F5EAEAAB0B251759 /* DetailViewModel.swift in Sources */ = {isa = PBXBuildFile; fileRef = 0A91891FC9A1198D2DA79BEF /* DetailViewModel.swift */; };
		B8A4BDBEC6AB2CFDF7E7DF6B /* Stop.swift in Sources */ = {isa = PBXBuildFile; fileRef = DC998B66B202F70C915A2D8D /* Stop.swift */; };
		BBA7ED31D4C8B156BC3A6D89 /* DateExtensions.swift in Sources */ = {isa = PBXBuildFile; fileRef = 7FAEDD098B8F9F29C03D2CC7 /* DateExtensions.swift */; };
		C0C9A50333EE23C722146B18 /* ExploreViewModel.swift in Sources */ = {isa = PBXBuildFile; fileRef = 898E1E6FC8FBBE99640508C6 /* ExploreViewModel.swift */; };
		D16D222A977B379BA36F35F5 /* Schedule.swift in Sources */ = {isa = PBXBuildFile; fileRef = F19FE76CF4831DF714268ED9 /* Schedule.swift */; };
		FCA234B28498453553C791BF /* Route.swift in Sources */ = {isa = PBXBuildFile; fileRef = 044121B57FCD8ADD426BEC7A /* Route.swift */; };
/* End PBXBuildFile section */

/* Begin PBXCopyFilesBuildPhase section */
		4AE10D0D2DDA3F4D00B415E6 /* Embed ExtensionKit Extensions */ = {
			isa = PBXCopyFilesBuildPhase;
			buildActionMask = 2147483647;
			dstPath = "$(EXTENSIONS_FOLDER_PATH)";
			dstSubfolderSpec = 16;
			files = (
			);
			name = "Embed ExtensionKit Extensions";
			runOnlyForDeploymentPostprocessing = 0;
		};
/* End PBXCopyFilesBuildPhase section */

/* Begin PBXFileReference section */
		044121B57FCD8ADD426BEC7A /* Route.swift */ = {isa = PBXFileReference; includeInIndex = 1; lastKnownFileType = sourcecode.swift; path = Route.swift; sourceTree = "<group>"; };
		0A91891FC9A1198D2DA79BEF /* DetailViewModel.swift */ = {isa = PBXFileReference; includeInIndex = 1; lastKnownFileType = sourcecode.swift; path = DetailViewModel.swift; sourceTree = "<group>"; };
		4A685DB42D88083C0053791C /* SwiftRide.app */ = {isa = PBXFileReference; explicitFileType = wrapper.application; includeInIndex = 0; path = SwiftRide.app; sourceTree = BUILT_PRODUCTS_DIR; };
		4ABEE35D2DE8732D0074811E /* Playground.playground */ = {isa = PBXFileReference; lastKnownFileType = file.playground; path = Playground.playground; sourceTree = "<group>"; xcLanguageSpecificationIdentifier = xcode.lang.swift; };
		7305C3EB0AC5ABF415BA064E /* Drawer.swift */ = {isa = PBXFileReference; includeInIndex = 1; lastKnownFileType = sourcecode.swift; path = Drawer.swift; sourceTree = "<group>"; };
		7FAEDD098B8F9F29C03D2CC7 /* DateExtensions.swift */ = {isa = PBXFileReference; includeInIndex = 1; lastKnownFileType = sourcecode.swift; path = DateExtensions.swift; sourceTree = "<group>"; };
		898E1E6FC8FBBE99640508C6 /* ExploreViewModel.swift */ = {isa = PBXFileReference; includeInIndex = 1; lastKnownFileType = sourcecode.swift; path = ExploreViewModel.swift; sourceTree = "<group>"; };
		AE2A5E8EE4B16AFC755C7A03 /* NetworkHelper.swift */ = {isa = PBXFileReference; includeInIndex = 1; lastKnownFileType = sourcecode.swift; path = NetworkHelper.swift; sourceTree = "<group>"; };
		B981AAB8AA607194D3F62ED5 /* DataLoader.swift */ = {isa = PBXFileReference; includeInIndex = 1; lastKnownFileType = sourcecode.swift; path = DataLoader.swift; sourceTree = "<group>"; };
		CDB4518AA19C72EC63D23B1B /* MapViewModel.swift */ = {isa = PBXFileReference; includeInIndex = 1; lastKnownFileType = sourcecode.swift; path = MapViewModel.swift; sourceTree = "<group>"; };
		DC998B66B202F70C915A2D8D /* Stop.swift */ = {isa = PBXFileReference; includeInIndex = 1; lastKnownFileType = sourcecode.swift; path = Stop.swift; sourceTree = "<group>"; };
		F19FE76CF4831DF714268ED9 /* Schedule.swift */ = {isa = PBXFileReference; includeInIndex = 1; lastKnownFileType = sourcecode.swift; path = Schedule.swift; sourceTree = "<group>"; };
/* End PBXFileReference section */

/* Begin PBXFileSystemSynchronizedRootGroup section */
		4A685DB62D88083C0053791C /* SwiftRide */ = {
			isa = PBXFileSystemSynchronizedRootGroup;
			path = SwiftRide;
			sourceTree = "<group>";
		};
/* End PBXFileSystemSynchronizedRootGroup section */

/* Begin PBXFrameworksBuildPhase section */
		4A685DB12D88083C0053791C /* Frameworks */ = {
			isa = PBXFrameworksBuildPhase;
			buildActionMask = 2147483647;
			files = (
				4AB611A62DE477F700708171 /* Drawer in Frameworks */,
			);
			runOnlyForDeploymentPostprocessing = 0;
		};
/* End PBXFrameworksBuildPhase section */

/* Begin PBXGroup section */
		0A3E13447E19B8B23607DE5D /* SwiftRide */ = {
			isa = PBXGroup;
			children = (
				77CEB86FFF36B98B6FFA11FC /* Models */,
				7887D2D41410C6B99B0728EA /* Core */,
				B63489D2AD0C6DD163E7CF83 /* Pages */,
			);
			path = SwiftRide;
			sourceTree = "<group>";
		};
		0DE4093C29AA83DA280C081B /* Detail */ = {
			isa = PBXGroup;
			children = (
				0A91891FC9A1198D2DA79BEF /* DetailViewModel.swift */,
			);
			path = Detail;
			sourceTree = "<group>";
		};
		224698DF03132A6F1380D739 /* Map */ = {
			isa = PBXGroup;
			children = (
				CDB4518AA19C72EC63D23B1B /* MapViewModel.swift */,
			);
			path = Map;
			sourceTree = "<group>";
		};
		4A685DAB2D88083C0053791C = {
			isa = PBXGroup;
			children = (
				4ABEE35D2DE8732D0074811E /* Playground.playground */,
				4A685DB62D88083C0053791C /* SwiftRide */,
				4A685DB52D88083C0053791C /* Products */,
			);
			sourceTree = "<group>";
		};
		4A685DB52D88083C0053791C /* Products */ = {
			isa = PBXGroup;
			children = (
				4A685DB42D88083C0053791C /* SwiftRide.app */,
				0A3E13447E19B8B23607DE5D /* SwiftRide */,
			);
			name = Products;
			sourceTree = "<group>";
		};
		60F43AD7491BF893204D9605 /* Drawers */ = {
			isa = PBXGroup;
			children = (
				9DF7DB50AEC36B4F53562A0C /* Explore */,
				0DE4093C29AA83DA280C081B /* Detail */,
			);
			path = Drawers;
			sourceTree = "<group>";
		};
		77CEB86FFF36B98B6FFA11FC /* Models */ = {
			isa = PBXGroup;
			children = (
				DC998B66B202F70C915A2D8D /* Stop.swift */,
				7305C3EB0AC5ABF415BA064E /* Drawer.swift */,
				044121B57FCD8ADD426BEC7A /* Route.swift */,
				F19FE76CF4831DF714268ED9 /* Schedule.swift */,
			);
			path = Models;
			sourceTree = "<group>";
		};
		7887D2D41410C6B99B0728EA /* Core */ = {
			isa = PBXGroup;
			children = (
				D58A848B7C5FEFBDD1F9D537 /* Networking */,
				D2B9EBE04CFCEC1F35DADD2A /* Helper */,
			);
			path = Core;
			sourceTree = "<group>";
		};
		9DF7DB50AEC36B4F53562A0C /* Explore */ = {
			isa = PBXGroup;
			children = (
				898E1E6FC8FBBE99640508C6 /* ExploreViewModel.swift */,
			);
			path = Explore;
			sourceTree = "<group>";
		};
		B63489D2AD0C6DD163E7CF83 /* Pages */ = {
			isa = PBXGroup;
			children = (
				224698DF03132A6F1380D739 /* Map */,
				60F43AD7491BF893204D9605 /* Drawers */,
			);
			path = Pages;
			sourceTree = "<group>";
		};
		D2B9EBE04CFCEC1F35DADD2A /* Helper */ = {
			isa = PBXGroup;
			children = (
				B981AAB8AA607194D3F62ED5 /* DataLoader.swift */,
				7FAEDD098B8F9F29C03D2CC7 /* DateExtensions.swift */,
			);
			path = Helper;
			sourceTree = "<group>";
		};
		D58A848B7C5FEFBDD1F9D537 /* Networking */ = {
			isa = PBXGroup;
			children = (
				AE2A5E8EE4B16AFC755C7A03 /* NetworkHelper.swift */,
			);
			path = Networking;
			sourceTree = "<group>";
		};
/* End PBXGroup section */

/* Begin PBXNativeTarget section */
		4A685DB32D88083C0053791C /* SwiftRide */ = {
			isa = PBXNativeTarget;
			buildConfigurationList = 4A685DDA2D88083E0053791C /* Build configuration list for PBXNativeTarget "SwiftRide" */;
			buildPhases = (
				4A685DB02D88083C0053791C /* Sources */,
				4A685DB12D88083C0053791C /* Frameworks */,
				4A685DB22D88083C0053791C /* Resources */,
				4AE10D0D2DDA3F4D00B415E6 /* Embed ExtensionKit Extensions */,
			);
			buildRules = (
			);
			dependencies = (
			);
			fileSystemSynchronizedGroups = (
				4A685DB62D88083C0053791C /* SwiftRide */,
			);
			name = SwiftRide;
			packageProductDependencies = (
				4AB611A52DE477F700708171 /* Drawer */,
			);
			productName = SwiftRide;
			productReference = 4A685DB42D88083C0053791C /* SwiftRide.app */;
			productType = "com.apple.product-type.application";
		};
/* End PBXNativeTarget section */

/* Begin PBXProject section */
		4A685DAC2D88083C0053791C /* Project object */ = {
			isa = PBXProject;
			attributes = {
				BuildIndependentTargetsInParallel = 1;
				LastSwiftUpdateCheck = 1630;
				LastUpgradeCheck = 1620;
				TargetAttributes = {
					4A685DB32D88083C0053791C = {
						CreatedOnToolsVersion = 16.2;
					};
				};
			};
			buildConfigurationList = 4A685DAF2D88083C0053791C /* Build configuration list for PBXProject "SwiftRide" */;
			developmentRegion = en;
			hasScannedForEncodings = 0;
			knownRegions = (
				en,
				Base,
			);
			mainGroup = 4A685DAB2D88083C0053791C;
			minimizedProjectReferenceProxies = 1;
			packageReferences = (
				4AB6119F2DDD857D00708171 /* XCRemoteSwiftPackageReference "swiftui-drawer" */,
			);
			preferredProjectObjectVersion = 77;
			productRefGroup = 4A685DB52D88083C0053791C /* Products */;
			projectDirPath = "";
			projectRoot = "";
			targets = (
				4A685DB32D88083C0053791C /* SwiftRide */,
			);
		};
/* End PBXProject section */

/* Begin PBXResourcesBuildPhase section */
		4A685DB22D88083C0053791C /* Resources */ = {
			isa = PBXResourcesBuildPhase;
			buildActionMask = 2147483647;
			files = (
			);
			runOnlyForDeploymentPostprocessing = 0;
		};
/* End PBXResourcesBuildPhase section */

/* Begin PBXSourcesBuildPhase section */
		4A685DB02D88083C0053791C /* Sources */ = {
			isa = PBXSourcesBuildPhase;
			buildActionMask = 2147483647;
			files = (
				B8A4BDBEC6AB2CFDF7E7DF6B /* Stop.swift in Sources */,
				FCA234B28498453553C791BF /* Route.swift in Sources */,
				D16D222A977B379BA36F35F5 /* Schedule.swift in Sources */,
				4BCF01AD980CE0622760DD8D /* NetworkHelper.swift in Sources */,
				6787BC26947B51E8E3E440EE /* DataLoader.swift in Sources */,
				92BD6E69B5CA3A8B78C9FCA4 /* MapViewModel.swift in Sources */,
				C0C9A50333EE23C722146B18 /* ExploreViewModel.swift in Sources */,
				9F48F272F5EAEAAB0B251759 /* DetailViewModel.swift in Sources */,
				BBA7ED31D4C8B156BC3A6D89 /* DateExtensions.swift in Sources */,
			);
			runOnlyForDeploymentPostprocessing = 0;
		};
/* End PBXSourcesBuildPhase section */

/* Begin XCBuildConfiguration section */
		4A685DD82D88083E0053791C /* Debug */ = {
			isa = XCBuildConfiguration;
			buildSettings = {
				ALWAYS_SEARCH_USER_PATHS = NO;
				ASSETCATALOG_COMPILER_GENERATE_SWIFT_ASSET_SYMBOL_EXTENSIONS = YES;
				CLANG_ANALYZER_NONNULL = YES;
				CLANG_ANALYZER_NUMBER_OBJECT_CONVERSION = YES_AGGRESSIVE;
				CLANG_CXX_LANGUAGE_STANDARD = "gnu++20";
				CLANG_ENABLE_MODULES = YES;
				CLANG_ENABLE_OBJC_ARC = YES;
				CLANG_ENABLE_OBJC_WEAK = YES;
				CLANG_WARN_BLOCK_CAPTURE_AUTORELEASING = YES;
				CLANG_WARN_BOOL_CONVERSION = YES;
				CLANG_WARN_COMMA = YES;
				CLANG_WARN_CONSTANT_CONVERSION = YES;
				CLANG_WARN_DEPRECATED_OBJC_IMPLEMENTATIONS = YES;
				CLANG_WARN_DIRECT_OBJC_ISA_USAGE = YES_ERROR;
				CLANG_WARN_DOCUMENTATION_COMMENTS = YES;
				CLANG_WARN_EMPTY_BODY = YES;
				CLANG_WARN_ENUM_CONVERSION = YES;
				CLANG_WARN_INFINITE_RECURSION = YES;
				CLANG_WARN_INT_CONVERSION = YES;
				CLANG_WARN_NON_LITERAL_NULL_CONVERSION = YES;
				CLANG_WARN_OBJC_IMPLICIT_RETAIN_SELF = YES;
				CLANG_WARN_OBJC_LITERAL_CONVERSION = YES;
				CLANG_WARN_OBJC_ROOT_CLASS = YES_ERROR;
				CLANG_WARN_QUOTED_INCLUDE_IN_FRAMEWORK_HEADER = YES;
				CLANG_WARN_RANGE_LOOP_ANALYSIS = YES;
				CLANG_WARN_STRICT_PROTOTYPES = YES;
				CLANG_WARN_SUSPICIOUS_MOVE = YES;
				CLANG_WARN_UNGUARDED_AVAILABILITY = YES_AGGRESSIVE;
				CLANG_WARN_UNREACHABLE_CODE = YES;
				CLANG_WARN__DUPLICATE_METHOD_MATCH = YES;
				COPY_PHASE_STRIP = NO;
				DEBUG_INFORMATION_FORMAT = dwarf;
				ENABLE_STRICT_OBJC_MSGSEND = YES;
				ENABLE_TESTABILITY = YES;
				ENABLE_USER_SCRIPT_SANDBOXING = YES;
				GCC_C_LANGUAGE_STANDARD = gnu17;
				GCC_DYNAMIC_NO_PIC = NO;
				GCC_NO_COMMON_BLOCKS = YES;
				GCC_OPTIMIZATION_LEVEL = 0;
				GCC_PREPROCESSOR_DEFINITIONS = (
					"DEBUG=1",
					"$(inherited)",
				);
				GCC_WARN_64_TO_32_BIT_CONVERSION = YES;
				GCC_WARN_ABOUT_RETURN_TYPE = YES_ERROR;
				GCC_WARN_UNDECLARED_SELECTOR = YES;
				GCC_WARN_UNINITIALIZED_AUTOS = YES_AGGRESSIVE;
				GCC_WARN_UNUSED_FUNCTION = YES;
				GCC_WARN_UNUSED_VARIABLE = YES;
				IPHONEOS_DEPLOYMENT_TARGET = 18.2;
				LOCALIZATION_PREFERS_STRING_CATALOGS = YES;
				MTL_ENABLE_DEBUG_INFO = INCLUDE_SOURCE;
				MTL_FAST_MATH = YES;
				ONLY_ACTIVE_ARCH = YES;
				SDKROOT = iphoneos;
				SWIFT_ACTIVE_COMPILATION_CONDITIONS = "DEBUG $(inherited)";
				SWIFT_OPTIMIZATION_LEVEL = "-Onone";
			};
			name = Debug;
		};
		4A685DD92D88083E0053791C /* Release */ = {
			isa = XCBuildConfiguration;
			buildSettings = {
				ALWAYS_SEARCH_USER_PATHS = NO;
				ASSETCATALOG_COMPILER_GENERATE_SWIFT_ASSET_SYMBOL_EXTENSIONS = YES;
				CLANG_ANALYZER_NONNULL = YES;
				CLANG_ANALYZER_NUMBER_OBJECT_CONVERSION = YES_AGGRESSIVE;
				CLANG_CXX_LANGUAGE_STANDARD = "gnu++20";
				CLANG_ENABLE_MODULES = YES;
				CLANG_ENABLE_OBJC_ARC = YES;
				CLANG_ENABLE_OBJC_WEAK = YES;
				CLANG_WARN_BLOCK_CAPTURE_AUTORELEASING = YES;
				CLANG_WARN_BOOL_CONVERSION = YES;
				CLANG_WARN_COMMA = YES;
				CLANG_WARN_CONSTANT_CONVERSION = YES;
				CLANG_WARN_DEPRECATED_OBJC_IMPLEMENTATIONS = YES;
				CLANG_WARN_DIRECT_OBJC_ISA_USAGE = YES_ERROR;
				CLANG_WARN_DOCUMENTATION_COMMENTS = YES;
				CLANG_WARN_EMPTY_BODY = YES;
				CLANG_WARN_ENUM_CONVERSION = YES;
				CLANG_WARN_INFINITE_RECURSION = YES;
				CLANG_WARN_INT_CONVERSION = YES;
				CLANG_WARN_NON_LITERAL_NULL_CONVERSION = YES;
				CLANG_WARN_OBJC_IMPLICIT_RETAIN_SELF = YES;
				CLANG_WARN_OBJC_LITERAL_CONVERSION = YES;
				CLANG_WARN_OBJC_ROOT_CLASS = YES_ERROR;
				CLANG_WARN_QUOTED_INCLUDE_IN_FRAMEWORK_HEADER = YES;
				CLANG_WARN_RANGE_LOOP_ANALYSIS = YES;
				CLANG_WARN_STRICT_PROTOTYPES = YES;
				CLANG_WARN_SUSPICIOUS_MOVE = YES;
				CLANG_WARN_UNGUARDED_AVAILABILITY = YES_AGGRESSIVE;
				CLANG_WARN_UNREACHABLE_CODE = YES;
				CLANG_WARN__DUPLICATE_METHOD_MATCH = YES;
				COPY_PHASE_STRIP = NO;
				DEBUG_INFORMATION_FORMAT = "dwarf-with-dsym";
				ENABLE_NS_ASSERTIONS = NO;
				ENABLE_STRICT_OBJC_MSGSEND = YES;
				ENABLE_USER_SCRIPT_SANDBOXING = YES;
				GCC_C_LANGUAGE_STANDARD = gnu17;
				GCC_NO_COMMON_BLOCKS = YES;
				GCC_WARN_64_TO_32_BIT_CONVERSION = YES;
				GCC_WARN_ABOUT_RETURN_TYPE = YES_ERROR;
				GCC_WARN_UNDECLARED_SELECTOR = YES;
				GCC_WARN_UNINITIALIZED_AUTOS = YES_AGGRESSIVE;
				GCC_WARN_UNUSED_FUNCTION = YES;
				GCC_WARN_UNUSED_VARIABLE = YES;
				IPHONEOS_DEPLOYMENT_TARGET = 18.2;
				LOCALIZATION_PREFERS_STRING_CATALOGS = YES;
				MTL_ENABLE_DEBUG_INFO = NO;
				MTL_FAST_MATH = YES;
				SDKROOT = iphoneos;
				SWIFT_COMPILATION_MODE = wholemodule;
				VALIDATE_PRODUCT = YES;
			};
			name = Release;
		};
		4A685DDB2D88083E0053791C /* Debug */ = {
			isa = XCBuildConfiguration;
			buildSettings = {
				ASSETCATALOG_COMPILER_APPICON_NAME = AppIcon;
				ASSETCATALOG_COMPILER_GLOBAL_ACCENT_COLOR_NAME = AccentColor;
				CODE_SIGN_IDENTITY = "Apple Development";
				CODE_SIGN_STYLE = Automatic;
				CURRENT_PROJECT_VERSION = 1;
				DEVELOPMENT_ASSET_PATHS = "\"SwiftRide/Preview Content\"";
				DEVELOPMENT_TEAM = KNG572S59L;
				ENABLE_PREVIEWS = YES;
				GENERATE_INFOPLIST_FILE = YES;
				INFOPLIST_KEY_NSLocationAlwaysUsageDescription = "";
				INFOPLIST_KEY_NSLocationWhenInUseUsageDescription = "";
				INFOPLIST_KEY_UIApplicationSceneManifest_Generation = YES;
				INFOPLIST_KEY_UIApplicationSupportsIndirectInputEvents = YES;
				INFOPLIST_KEY_UILaunchScreen_Generation = YES;
				INFOPLIST_KEY_UISupportedInterfaceOrientations_iPad = "UIInterfaceOrientationPortrait UIInterfaceOrientationPortraitUpsideDown UIInterfaceOrientationLandscapeLeft UIInterfaceOrientationLandscapeRight";
				INFOPLIST_KEY_UISupportedInterfaceOrientations_iPhone = "UIInterfaceOrientationPortrait UIInterfaceOrientationLandscapeLeft UIInterfaceOrientationLandscapeRight";
				IPHONEOS_DEPLOYMENT_TARGET = 17.6;
				LD_RUNPATH_SEARCH_PATHS = (
					"$(inherited)",
					"@executable_path/Frameworks",
				);
				MARKETING_VERSION = 0.3;
				PRODUCT_BUNDLE_IDENTIFIER = "com.ccone-seven.SwiftRide";
				PRODUCT_NAME = "$(TARGET_NAME)";
				PROVISIONING_PROFILE_SPECIFIER = "";
				SWIFT_EMIT_LOC_STRINGS = YES;
				SWIFT_VERSION = 5.0;
				TARGETED_DEVICE_FAMILY = "1,2";
			};
			name = Debug;
		};
		4A685DDC2D88083E0053791C /* Release */ = {
			isa = XCBuildConfiguration;
			buildSettings = {
				ASSETCATALOG_COMPILER_APPICON_NAME = AppIcon;
				ASSETCATALOG_COMPILER_GLOBAL_ACCENT_COLOR_NAME = AccentColor;
				CODE_SIGN_IDENTITY = "Apple Development";
				CODE_SIGN_STYLE = Automatic;
				CURRENT_PROJECT_VERSION = 1;
				DEVELOPMENT_ASSET_PATHS = "\"SwiftRide/Preview Content\"";
				DEVELOPMENT_TEAM = KNG572S59L;
				ENABLE_PREVIEWS = YES;
				GENERATE_INFOPLIST_FILE = YES;
				INFOPLIST_KEY_NSLocationAlwaysUsageDescription = "";
				INFOPLIST_KEY_NSLocationWhenInUseUsageDescription = "";
				INFOPLIST_KEY_UIApplicationSceneManifest_Generation = YES;
				INFOPLIST_KEY_UIApplicationSupportsIndirectInputEvents = YES;
				INFOPLIST_KEY_UILaunchScreen_Generation = YES;
				INFOPLIST_KEY_UISupportedInterfaceOrientations_iPad = "UIInterfaceOrientationPortrait UIInterfaceOrientationPortraitUpsideDown UIInterfaceOrientationLandscapeLeft UIInterfaceOrientationLandscapeRight";
				INFOPLIST_KEY_UISupportedInterfaceOrientations_iPhone = "UIInterfaceOrientationPortrait UIInterfaceOrientationLandscapeLeft UIInterfaceOrientationLandscapeRight";
				IPHONEOS_DEPLOYMENT_TARGET = 17.6;
				LD_RUNPATH_SEARCH_PATHS = (
					"$(inherited)",
					"@executable_path/Frameworks",
				);
				MARKETING_VERSION = 0.3;
				PRODUCT_BUNDLE_IDENTIFIER = "com.ccone-seven.SwiftRide";
				PRODUCT_NAME = "$(TARGET_NAME)";
				PROVISIONING_PROFILE_SPECIFIER = "";
				SWIFT_EMIT_LOC_STRINGS = YES;
				SWIFT_VERSION = 5.0;
				TARGETED_DEVICE_FAMILY = "1,2";
			};
			name = Release;
		};
/* End XCBuildConfiguration section */

/* Begin XCConfigurationList section */
		4A685DAF2D88083C0053791C /* Build configuration list for PBXProject "SwiftRide" */ = {
			isa = XCConfigurationList;
			buildConfigurations = (
				4A685DD82D88083E0053791C /* Debug */,
				4A685DD92D88083E0053791C /* Release */,
			);
			defaultConfigurationIsVisible = 0;
			defaultConfigurationName = Release;
		};
		4A685DDA2D88083E0053791C /* Build configuration list for PBXNativeTarget "SwiftRide" */ = {
			isa = XCConfigurationList;
			buildConfigurations = (
				4A685DDB2D88083E0053791C /* Debug */,
				4A685DDC2D88083E0053791C /* Release */,
			);
			defaultConfigurationIsVisible = 0;
			defaultConfigurationName = Release;
		};
/* End XCConfigurationList section */

/* Begin XCRemoteSwiftPackageReference section */
		4AB6119F2DDD857D00708171 /* XCRemoteSwiftPackageReference "swiftui-drawer" */ = {
			isa = XCRemoteSwiftPackageReference;
			repositoryURL = "https://github.com/maustinstar/swiftui-drawer";
			requirement = {
				branch = master;
				kind = branch;
			};
		};
/* End XCRemoteSwiftPackageReference section */

/* Begin XCSwiftPackageProductDependency section */
		4AB611A52DE477F700708171 /* Drawer */ = {
			isa = XCSwiftPackageProductDependency;
			package = 4AB6119F2DDD857D00708171 /* XCRemoteSwiftPackageReference "swiftui-drawer" */;
			productName = Drawer;
		};
/* End XCSwiftPackageProductDependency section */
	};
	rootObject = 4A685DAC2D88083C0053791C /* Project object */;
}
